
Microsoft Visual Studio Solution File, Format Version 12.00
# Visual Studio 2013
VisualStudioVersion = 12.0.40629.0
MinimumVisualStudioVersion = 10.0.40219.1
Project("{f2a71f9b-5d33-465a-a702-920d77279786}") = "GenBuild", "src\GenBuild\GenBuild.fsproj", "{34566F45-56AE-4787-90AD-ED7215D6ED7C}"
EndProject
Project("{f2a71f9b-5d33-465a-a702-920d77279786}") = "GenBuild.Tests", "tests\GenBuild.Tests\GenBuild.Tests.fsproj", "{96650BE0-5535-4ED6-B55B-72DF71DDEBFF}"
EndProject
Project("{2150E333-8FDC-42A3-9474-1A3956D46DE8}") = "Solution Items", "Solution Items", "{2CF335D2-1410-433C-834E-270FB16F5B48}"
	ProjectSection(SolutionItems) = preProject
		build.fsx = build.fsx
		paket.dependencies = paket.dependencies
		README.md = README.md
		RELEASE_NOTES.md = RELEASE_NOTES.md
	EndProjectSection
EndProject
Project("{2150E333-8FDC-42A3-9474-1A3956D46DE8}") = "scripts", "scripts", "{54C46FC2-4314-4DE2-971F-2C97D6729E9F}"
	ProjectSection(SolutionItems) = preProject
		scripts\appveyor.fsx = scripts\appveyor.fsx
		scripts\settings.fsx = scripts\settings.fsx
		scripts\targets.fsx = scripts\targets.fsx
		scripts\travis.fsx = scripts\travis.fsx
	EndProjectSection
EndProject
Global
	GlobalSection(SolutionConfigurationPlatforms) = preSolution
		Debug|Any CPU = Debug|Any CPU
		Release|Any CPU = Release|Any CPU
	EndGlobalSection
	GlobalSection(ProjectConfigurationPlatforms) = postSolution
		{34566F45-56AE-4787-90AD-ED7215D6ED7C}.Debug|Any CPU.ActiveCfg = Debug|Any CPU
		{34566F45-56AE-4787-90AD-ED7215D6ED7C}.Debug|Any CPU.Build.0 = Debug|Any CPU
		{34566F45-56AE-4787-90AD-ED7215D6ED7C}.Release|Any CPU.ActiveCfg = Release|Any CPU
		{34566F45-56AE-4787-90AD-ED7215D6ED7C}.Release|Any CPU.Build.0 = Release|Any CPU
		{96650BE0-5535-4ED6-B55B-72DF71DDEBFF}.Debug|Any CPU.ActiveCfg = Debug|Any CPU
		{96650BE0-5535-4ED6-B55B-72DF71DDEBFF}.Debug|Any CPU.Build.0 = Debug|Any CPU
		{96650BE0-5535-4ED6-B55B-72DF71DDEBFF}.Release|Any CPU.ActiveCfg = Release|Any CPU
		{96650BE0-5535-4ED6-B55B-72DF71DDEBFF}.Release|Any CPU.Build.0 = Release|Any CPU
	EndGlobalSection
	GlobalSection(SolutionProperties) = preSolution
		HideSolutionNode = FALSE
	EndGlobalSection
	GlobalSection(MonoDevelopProperties) = preSolution
		Policies = $0
		$0.TextStylePolicy = $1
		$1.FileWidth = 120
		$1.inheritsSet = VisualStudio
		$1.inheritsScope = text/plain
		$1.scope = text/x-fsharp
		$0.FSharpFormattingPolicy = $2
		$2.DefaultFormat = $3
		$3.IndentOnTryWith = True
		$3.ReorderOpenDeclaration = False
		$3.SpaceAfterComma = True
		$3.SpaceAfterSemicolon = True
		$3.SpaceAroundDelimiter = True
		$3.SpaceBeforeArgument = True
		$3.SpaceBeforeColon = True
		$2.scope = text/x-fsharp
	EndGlobalSection
EndGlobal
